
Microsoft Visual Studio Solution File, Format Version 12.00
# Visual Studio Version 17
VisualStudioVersion = 17.1.32228.430
MinimumVisualStudioVersion = 10.0.40219.1
Project("{FAE04EC0-301F-11D3-BF4B-00C04F79EFBC}") = "test", "test\test.csproj", "{D18C06AF-C40D-40A9-8035-2C55869BB754}"
EndProject
Global
	GlobalSection(SolutionConfigurationPlatforms) = preSolution
		Debug|Any CPU = Debug|Any CPU
		Release|Any CPU = Release|Any CPU
	EndGlobalSection
	GlobalSection(ProjectConfigurationPlatforms) = postSolution
		{D18C06AF-C40D-40A9-8035-2C55869BB754}.Debug|Any CPU.ActiveCfg = Debug|Any CPU
		{D18C06AF-C40D-40A9-8035-2C55869BB754}.Debug|Any CPU.Build.0 = Debug|Any CPU
		{D18C06AF-C40D-40A9-8035-2C55869BB754}.Release|Any CPU.ActiveCfg = Release|Any CPU
		{D18C06AF-C40D-40A9-8035-2C55869BB754}.Release|Any CPU.Build.0 = Release|Any CPU
	EndGlobalSection
	GlobalSection(SolutionProperties) = preSolution
		HideSolutionNode = FALSE
	EndGlobalSection
	GlobalSection(ExtensibilityGlobals) = postSolution
		SolutionGuid = {6E553BD1-6173-42DB-8844-4942D6055FA0}
	EndGlobalSection
EndGlobal
